
Microsoft Visual Studio Solution File, Format Version 12.00
# Visual Studio Version 17
VisualStudioVersion = 17.13.35818.85
MinimumVisualStudioVersion = 10.0.40219.1
Project("{FAE04EC0-301F-11D3-BF4B-00C04F79EFBC}") = "NewTestBlazorApp", "NewTestBlazorApp\NewTestBlazorApp.csproj", "{D881D57F-3A89-4AE8-A872-03BD2FEC9F5A}"
EndProject
Global
	GlobalSection(SolutionConfigurationPlatforms) = preSolution
		Debug|Any CPU = Debug|Any CPU
		Release|Any CPU = Release|Any CPU
	EndGlobalSection
	GlobalSection(ProjectConfigurationPlatforms) = postSolution
		{D881D57F-3A89-4AE8-A872-03BD2FEC9F5A}.Debug|Any CPU.ActiveCfg = Debug|Any CPU
		{D881D57F-3A89-4AE8-A872-03BD2FEC9F5A}.Debug|Any CPU.Build.0 = Debug|Any CPU
		{D881D57F-3A89-4AE8-A872-03BD2FEC9F5A}.Release|Any CPU.ActiveCfg = Release|Any CPU
		{D881D57F-3A89-4AE8-A872-03BD2FEC9F5A}.Release|Any CPU.Build.0 = Release|Any CPU
	EndGlobalSection
	GlobalSection(SolutionProperties) = preSolution
		HideSolutionNode = FALSE
	EndGlobalSection
	GlobalSection(ExtensibilityGlobals) = postSolution
		SolutionGuid = {CEFF81EF-B866-42F1-B8A7-B1D33CE8A3F6}
	EndGlobalSection
EndGlobal
